{
    "_meta": {
        "hash": {
            "sha256": "099cb67ee4816beb56aeeefa4e72a41332f33f27aff375195682847a46662fb8"
        },
        "pipfile-spec": 6,
        "requires": {
            "python_version": "3.7"
        },
        "sources": [
            {
                "name": "pypi",
                "url": "https://pypi.python.org/simple",
                "verify_ssl": true
            }
        ]
    },
    "default": {
        "timeloop": {
            "hashes": [
                "sha256:4e716c67fe6bcadcee7ddb91e2520792426818a70f27e630cfbbbd9becc48a13",
                "sha256:70cb69eeef39968ea0e6dd68a3a3a51257d5f4aa27b177ab1b19ca86ff525946"
            ],
            "index": "pypi",
            "version": "==1.0.2"
        }
    },
    "develop": {}
}
